
Microsoft Visual Studio Solution File, Format Version 12.00
# Visual Studio 15
VisualStudioVersion = 15.0.27130.2010
MinimumVisualStudioVersion = 10.0.40219.1
Project("{FAE04EC0-301F-11D3-BF4B-00C04F79EFBC}") = "XamlStyles.Android", "XamlStyles\XamlStyles.Android\XamlStyles.Android.csproj", "{4CA3A0C2-6FA0-4732-9620-1F36D521E53E}"
EndProject
Project("{FAE04EC0-301F-11D3-BF4B-00C04F79EFBC}") = "XamlStyles.iOS", "XamlStyles\XamlStyles.iOS\XamlStyles.iOS.csproj", "{B709647F-7F08-4D2A-9E89-768480A1D5BF}"
EndProject
Project("{FAE04EC0-301F-11D3-BF4B-00C04F79EFBC}") = "XamlStyles.UWP", "XamlStyles\XamlStyles.UWP\XamlStyles.UWP.csproj", "{C06DCA3E-8DF3-4BEC-82EC-7572EB147196}"
EndProject
Project("{FAE04EC0-301F-11D3-BF4B-00C04F79EFBC}") = "XamlStyles", "XamlStyles\XamlStyles\XamlStyles.csproj", "{9712BCAF-21C1-42C9-8328-3B921E584B6A}"
EndProject
Global
	GlobalSection(SolutionConfigurationPlatforms) = preSolution
		Ad-Hoc|Any CPU = Ad-Hoc|Any CPU
		Ad-Hoc|ARM = Ad-Hoc|ARM
		Ad-Hoc|iPhone = Ad-Hoc|iPhone
		Ad-Hoc|iPhoneSimulator = Ad-Hoc|iPhoneSimulator
		Ad-Hoc|x64 = Ad-Hoc|x64
		Ad-Hoc|x86 = Ad-Hoc|x86
		AppStore|Any CPU = AppStore|Any CPU
		AppStore|ARM = AppStore|ARM
		AppStore|iPhone = AppStore|iPhone
		AppStore|iPhoneSimulator = AppStore|iPhoneSimulator
		AppStore|x64 = AppStore|x64
		AppStore|x86 = AppStore|x86
		Debug|Any CPU = Debug|Any CPU
		Debug|ARM = Debug|ARM
		Debug|iPhone = Debug|iPhone
		Debug|iPhoneSimulator = Debug|iPhoneSimulator
		Debug|x64 = Debug|x64
		Debug|x86 = Debug|x86
		Release|Any CPU = Release|Any CPU
		Release|ARM = Release|ARM
		Release|iPhone = Release|iPhone
		Release|iPhoneSimulator = Release|iPhoneSimulator
		Release|x64 = Release|x64
		Release|x86 = Release|x86
	EndGlobalSection
	GlobalSection(ProjectConfigurationPlatforms) = postSolution
		{4CA3A0C2-6FA0-4732-9620-1F36D521E53E}.Ad-Hoc|Any CPU.ActiveCfg = Release|Any CPU
		{4CA3A0C2-6FA0-4732-9620-1F36D521E53E}.Ad-Hoc|Any CPU.Build.0 = Release|Any CPU
		{4CA3A0C2-6FA0-4732-9620-1F36D521E53E}.Ad-Hoc|Any CPU.Deploy.0 = Release|Any CPU
		{4CA3A0C2-6FA0-4732-9620-1F36D521E53E}.Ad-Hoc|ARM.ActiveCfg = Release|Any CPU
		{4CA3A0C2-6FA0-4732-9620-1F36D521E53E}.Ad-Hoc|ARM.Build.0 = Release|Any CPU
		{4CA3A0C2-6FA0-4732-9620-1F36D521E53E}.Ad-Hoc|ARM.Deploy.0 = Release|Any CPU
		{4CA3A0C2-6FA0-4732-9620-1F36D521E53E}.Ad-Hoc|iPhone.ActiveCfg = Release|Any CPU
		{4CA3A0C2-6FA0-4732-9620-1F36D521E53E}.Ad-Hoc|iPhone.Build.0 = Release|Any CPU
		{4CA3A0C2-6FA0-4732-9620-1F36D521E53E}.Ad-Hoc|iPhone.Deploy.0 = Release|Any CPU
		{4CA3A0C2-6FA0-4732-9620-1F36D521E53E}.Ad-Hoc|iPhoneSimulator.ActiveCfg = Release|Any CPU
		{4CA3A0C2-6FA0-4732-9620-1F36D521E53E}.Ad-Hoc|iPhoneSimulator.Build.0 = Release|Any CPU
		{4CA3A0C2-6FA0-4732-9620-1F36D521E53E}.Ad-Hoc|iPhoneSimulator.Deploy.0 = Release|Any CPU
		{4CA3A0C2-6FA0-4732-9620-1F36D521E53E}.Ad-Hoc|x64.ActiveCfg = Release|Any CPU
		{4CA3A0C2-6FA0-4732-9620-1F36D521E53E}.Ad-Hoc|x64.Build.0 = Release|Any CPU
		{4CA3A0C2-6FA0-4732-9620-1F36D521E53E}.Ad-Hoc|x64.Deploy.0 = Release|Any CPU
		{4CA3A0C2-6FA0-4732-9620-1F36D521E53E}.Ad-Hoc|x86.ActiveCfg = Release|Any CPU
		{4CA3A0C2-6FA0-4732-9620-1F36D521E53E}.Ad-Hoc|x86.Build.0 = Release|Any CPU
		{4CA3A0C2-6FA0-4732-9620-1F36D521E53E}.Ad-Hoc|x86.Deploy.0 = Release|Any CPU
		{4CA3A0C2-6FA0-4732-9620-1F36D521E53E}.AppStore|Any CPU.ActiveCfg = Release|Any CPU
		{4CA3A0C2-6FA0-4732-9620-1F36D521E53E}.AppStore|Any CPU.Build.0 = Release|Any CPU
		{4CA3A0C2-6FA0-4732-9620-1F36D521E53E}.AppStore|Any CPU.Deploy.0 = Release|Any CPU
		{4CA3A0C2-6FA0-4732-9620-1F36D521E53E}.AppStore|ARM.ActiveCfg = Release|Any CPU
		{4CA3A0C2-6FA0-4732-9620-1F36D521E53E}.AppStore|ARM.Build.0 = Release|Any CPU
		{4CA3A0C2-6FA0-4732-9620-1F36D521E53E}.AppStore|ARM.Deploy.0 = Release|Any CPU
		{4CA3A0C2-6FA0-4732-9620-1F36D521E53E}.AppStore|iPhone.ActiveCfg = Release|Any CPU
		{4CA3A0C2-6FA0-4732-9620-1F36D521E53E}.AppStore|iPhone.Build.0 = Release|Any CPU
		{4CA3A0C2-6FA0-4732-9620-1F36D521E53E}.AppStore|iPhone.Deploy.0 = Release|Any CPU
		{4CA3A0C2-6FA0-4732-9620-1F36D521E53E}.AppStore|iPhoneSimulator.ActiveCfg = Release|Any CPU
		{4CA3A0C2-6FA0-4732-9620-1F36D521E53E}.AppStore|iPhoneSimulator.Build.0 = Release|Any CPU
		{4CA3A0C2-6FA0-4732-9620-1F36D521E53E}.AppStore|iPhoneSimulator.Deploy.0 = Release|Any CPU
		{4CA3A0C2-6FA0-4732-9620-1F36D521E53E}.AppStore|x64.ActiveCfg = Release|Any CPU
		{4CA3A0C2-6FA0-4732-9620-1F36D521E53E}.AppStore|x64.Build.0 = Release|Any CPU
		{4CA3A0C2-6FA0-4732-9620-1F36D521E53E}.AppStore|x64.Deploy.0 = Release|Any CPU
		{4CA3A0C2-6FA0-4732-9620-1F36D521E53E}.AppStore|x86.ActiveCfg = Release|Any CPU
		{4CA3A0C2-6FA0-4732-9620-1F36D521E53E}.AppStore|x86.Build.0 = Release|Any CPU
		{4CA3A0C2-6FA0-4732-9620-1F36D521E53E}.AppStore|x86.Deploy.0 = Release|Any CPU
		{4CA3A0C2-6FA0-4732-9620-1F36D521E53E}.Debug|Any CPU.ActiveCfg = Debug|Any CPU
		{4CA3A0C2-6FA0-4732-9620-1F36D521E53E}.Debug|Any CPU.Build.0 = Debug|Any CPU
		{4CA3A0C2-6FA0-4732-9620-1F36D521E53E}.Debug|Any CPU.Deploy.0 = Debug|Any CPU
		{4CA3A0C2-6FA0-4732-9620-1F36D521E53E}.Debug|ARM.ActiveCfg = Debug|Any CPU
		{4CA3A0C2-6FA0-4732-9620-1F36D521E53E}.Debug|ARM.Build.0 = Debug|Any CPU
		{4CA3A0C2-6FA0-4732-9620-1F36D521E53E}.Debug|ARM.Deploy.0 = Debug|Any CPU
		{4CA3A0C2-6FA0-4732-9620-1F36D521E53E}.Debug|iPhone.ActiveCfg = Debug|Any CPU
		{4CA3A0C2-6FA0-4732-9620-1F36D521E53E}.Debug|iPhone.Build.0 = Debug|Any CPU
		{4CA3A0C2-6FA0-4732-9620-1F36D521E53E}.Debug|iPhone.Deploy.0 = Debug|Any CPU
		{4CA3A0C2-6FA0-4732-9620-1F36D521E53E}.Debug|iPhoneSimulator.ActiveCfg = Debug|Any CPU
		{4CA3A0C2-6FA0-4732-9620-1F36D521E53E}.Debug|iPhoneSimulator.Build.0 = Debug|Any CPU
		{4CA3A0C2-6FA0-4732-9620-1F36D521E53E}.Debug|iPhoneSimulator.Deploy.0 = Debug|Any CPU
		{4CA3A0C2-6FA0-4732-9620-1F36D521E53E}.Debug|x64.ActiveCfg = Debug|Any CPU
		{4CA3A0C2-6FA0-4732-9620-1F36D521E53E}.Debug|x64.Build.0 = Debug|Any CPU
		{4CA3A0C2-6FA0-4732-9620-1F36D521E53E}.Debug|x64.Deploy.0 = Debug|Any CPU
		{4CA3A0C2-6FA0-4732-9620-1F36D521E53E}.Debug|x86.ActiveCfg = Debug|Any CPU
		{4CA3A0C2-6FA0-4732-9620-1F36D521E53E}.Debug|x86.Build.0 = Debug|Any CPU
		{4CA3A0C2-6FA0-4732-9620-1F36D521E53E}.Debug|x86.Deploy.0 = Debug|Any CPU
		{4CA3A0C2-6FA0-4732-9620-1F36D521E53E}.Release|Any CPU.ActiveCfg = Release|Any CPU
		{4CA3A0C2-6FA0-4732-9620-1F36D521E53E}.Release|Any CPU.Build.0 = Release|Any CPU
		{4CA3A0C2-6FA0-4732-9620-1F36D521E53E}.Release|Any CPU.Deploy.0 = Release|Any CPU
		{4CA3A0C2-6FA0-4732-9620-1F36D521E53E}.Release|ARM.ActiveCfg = Release|Any CPU
		{4CA3A0C2-6FA0-4732-9620-1F36D521E53E}.Release|ARM.Build.0 = Release|Any CPU
		{4CA3A0C2-6FA0-4732-9620-1F36D521E53E}.Release|ARM.Deploy.0 = Release|Any CPU
		{4CA3A0C2-6FA0-4732-9620-1F36D521E53E}.Release|iPhone.ActiveCfg = Release|Any CPU
		{4CA3A0C2-6FA0-4732-9620-1F36D521E53E}.Release|iPhone.Build.0 = Release|Any CPU
		{4CA3A0C2-6FA0-4732-9620-1F36D521E53E}.Release|iPhone.Deploy.0 = Release|Any CPU
		{4CA3A0C2-6FA0-4732-9620-1F36D521E53E}.Release|iPhoneSimulator.ActiveCfg = Release|Any CPU
		{4CA3A0C2-6FA0-4732-9620-1F36D521E53E}.Release|iPhoneSimulator.Build.0 = Release|Any CPU
		{4CA3A0C2-6FA0-4732-9620-1F36D521E53E}.Release|iPhoneSimulator.Deploy.0 = Release|Any CPU
		{4CA3A0C2-6FA0-4732-9620-1F36D521E53E}.Release|x64.ActiveCfg = Release|Any CPU
		{4CA3A0C2-6FA0-4732-9620-1F36D521E53E}.Release|x64.Build.0 = Release|Any CPU
		{4CA3A0C2-6FA0-4732-9620-1F36D521E53E}.Release|x64.Deploy.0 = Release|Any CPU
		{4CA3A0C2-6FA0-4732-9620-1F36D521E53E}.Release|x86.ActiveCfg = Release|Any CPU
		{4CA3A0C2-6FA0-4732-9620-1F36D521E53E}.Release|x86.Build.0 = Release|Any CPU
		{4CA3A0C2-6FA0-4732-9620-1F36D521E53E}.Release|x86.Deploy.0 = Release|Any CPU
		{B709647F-7F08-4D2A-9E89-768480A1D5BF}.Ad-Hoc|Any CPU.ActiveCfg = Ad-Hoc|iPhone
		{B709647F-7F08-4D2A-9E89-768480A1D5BF}.Ad-Hoc|ARM.ActiveCfg = Ad-Hoc|iPhone
		{B709647F-7F08-4D2A-9E89-768480A1D5BF}.Ad-Hoc|iPhone.ActiveCfg = Ad-Hoc|iPhone
		{B709647F-7F08-4D2A-9E89-768480A1D5BF}.Ad-Hoc|iPhone.Build.0 = Ad-Hoc|iPhone
		{B709647F-7F08-4D2A-9E89-768480A1D5BF}.Ad-Hoc|iPhoneSimulator.ActiveCfg = Ad-Hoc|iPhoneSimulator
		{B709647F-7F08-4D2A-9E89-768480A1D5BF}.Ad-Hoc|iPhoneSimulator.Build.0 = Ad-Hoc|iPhoneSimulator
		{B709647F-7F08-4D2A-9E89-768480A1D5BF}.Ad-Hoc|x64.ActiveCfg = Ad-Hoc|iPhone
		{B709647F-7F08-4D2A-9E89-768480A1D5BF}.Ad-Hoc|x86.ActiveCfg = Ad-Hoc|iPhone
		{B709647F-7F08-4D2A-9E89-768480A1D5BF}.AppStore|Any CPU.ActiveCfg = AppStore|iPhone
		{B709647F-7F08-4D2A-9E89-768480A1D5BF}.AppStore|ARM.ActiveCfg = AppStore|iPhone
		{B709647F-7F08-4D2A-9E89-768480A1D5BF}.AppStore|iPhone.ActiveCfg = AppStore|iPhone
		{B709647F-7F08-4D2A-9E89-768480A1D5BF}.AppStore|iPhone.Build.0 = AppStore|iPhone
		{B709647F-7F08-4D2A-9E89-768480A1D5BF}.AppStore|iPhoneSimulator.ActiveCfg = AppStore|iPhoneSimulator
		{B709647F-7F08-4D2A-9E89-768480A1D5BF}.AppStore|iPhoneSimulator.Build.0 = AppStore|iPhoneSimulator
		{B709647F-7F08-4D2A-9E89-768480A1D5BF}.AppStore|x64.ActiveCfg = AppStore|iPhone
		{B709647F-7F08-4D2A-9E89-768480A1D5BF}.AppStore|x86.ActiveCfg = AppStore|iPhone
		{B709647F-7F08-4D2A-9E89-768480A1D5BF}.Debug|Any CPU.ActiveCfg = Debug|iPhone
		{B709647F-7F08-4D2A-9E89-768480A1D5BF}.Debug|ARM.ActiveCfg = Debug|iPhone
		{B709647F-7F08-4D2A-9E89-768480A1D5BF}.Debug|iPhone.ActiveCfg = Debug|iPhone
		{B709647F-7F08-4D2A-9E89-768480A1D5BF}.Debug|iPhone.Build.0 = Debug|iPhone
		{B709647F-7F08-4D2A-9E89-768480A1D5BF}.Debug|iPhoneSimulator.ActiveCfg = Debug|iPhoneSimulator
		{B709647F-7F08-4D2A-9E89-768480A1D5BF}.Debug|iPhoneSimulator.Build.0 = Debug|iPhoneSimulator
		{B709647F-7F08-4D2A-9E89-768480A1D5BF}.Debug|x64.ActiveCfg = Debug|iPhone
		{B709647F-7F08-4D2A-9E89-768480A1D5BF}.Debug|x86.ActiveCfg = Debug|iPhone
		{B709647F-7F08-4D2A-9E89-768480A1D5BF}.Release|Any CPU.ActiveCfg = Release|iPhone
		{B709647F-7F08-4D2A-9E89-768480A1D5BF}.Release|ARM.ActiveCfg = Release|iPhone
		{B709647F-7F08-4D2A-9E89-768480A1D5BF}.Release|iPhone.ActiveCfg = Release|iPhone
		{B709647F-7F08-4D2A-9E89-768480A1D5BF}.Release|iPhone.Build.0 = Release|iPhone
		{B709647F-7F08-4D2A-9E89-768480A1D5BF}.Release|iPhoneSimulator.ActiveCfg = Release|iPhoneSimulator
		{B709647F-7F08-4D2A-9E89-768480A1D5BF}.Release|iPhoneSimulator.Build.0 = Release|iPhoneSimulator
		{B709647F-7F08-4D2A-9E89-768480A1D5BF}.Release|x64.ActiveCfg = Release|iPhone
		{B709647F-7F08-4D2A-9E89-768480A1D5BF}.Release|x86.ActiveCfg = Release|iPhone
		{C06DCA3E-8DF3-4BEC-82EC-7572EB147196}.Ad-Hoc|Any CPU.ActiveCfg = Release|x86
		{C06DCA3E-8DF3-4BEC-82EC-7572EB147196}.Ad-Hoc|Any CPU.Build.0 = Release|x86
		{C06DCA3E-8DF3-4BEC-82EC-7572EB147196}.Ad-Hoc|Any CPU.Deploy.0 = Release|x86
		{C06DCA3E-8DF3-4BEC-82EC-7572EB147196}.Ad-Hoc|ARM.ActiveCfg = Release|ARM
		{C06DCA3E-8DF3-4BEC-82EC-7572EB147196}.Ad-Hoc|ARM.Build.0 = Release|ARM
		{C06DCA3E-8DF3-4BEC-82EC-7572EB147196}.Ad-Hoc|ARM.Deploy.0 = Release|ARM
		{C06DCA3E-8DF3-4BEC-82EC-7572EB147196}.Ad-Hoc|iPhone.ActiveCfg = Release|x86
		{C06DCA3E-8DF3-4BEC-82EC-7572EB147196}.Ad-Hoc|iPhone.Build.0 = Release|x86
		{C06DCA3E-8DF3-4BEC-82EC-7572EB147196}.Ad-Hoc|iPhone.Deploy.0 = Release|x86
		{C06DCA3E-8DF3-4BEC-82EC-7572EB147196}.Ad-Hoc|iPhoneSimulator.ActiveCfg = Release|x86
		{C06DCA3E-8DF3-4BEC-82EC-7572EB147196}.Ad-Hoc|iPhoneSimulator.Build.0 = Release|x86
		{C06DCA3E-8DF3-4BEC-82EC-7572EB147196}.Ad-Hoc|iPhoneSimulator.Deploy.0 = Release|x86
		{C06DCA3E-8DF3-4BEC-82EC-7572EB147196}.Ad-Hoc|x64.ActiveCfg = Release|x64
		{C06DCA3E-8DF3-4BEC-82EC-7572EB147196}.Ad-Hoc|x64.Build.0 = Release|x64
		{C06DCA3E-8DF3-4BEC-82EC-7572EB147196}.Ad-Hoc|x64.Deploy.0 = Release|x64
		{C06DCA3E-8DF3-4BEC-82EC-7572EB147196}.Ad-Hoc|x86.ActiveCfg = Release|x86
		{C06DCA3E-8DF3-4BEC-82EC-7572EB147196}.Ad-Hoc|x86.Build.0 = Release|x86
		{C06DCA3E-8DF3-4BEC-82EC-7572EB147196}.Ad-Hoc|x86.Deploy.0 = Release|x86
		{C06DCA3E-8DF3-4BEC-82EC-7572EB147196}.AppStore|Any CPU.ActiveCfg = Release|x86
		{C06DCA3E-8DF3-4BEC-82EC-7572EB147196}.AppStore|Any CPU.Build.0 = Release|x86
		{C06DCA3E-8DF3-4BEC-82EC-7572EB147196}.AppStore|Any CPU.Deploy.0 = Release|x86
		{C06DCA3E-8DF3-4BEC-82EC-7572EB147196}.AppStore|ARM.ActiveCfg = Release|ARM
		{C06DCA3E-8DF3-4BEC-82EC-7572EB147196}.AppStore|ARM.Build.0 = Release|ARM
		{C06DCA3E-8DF3-4BEC-82EC-7572EB147196}.AppStore|ARM.Deploy.0 = Release|ARM
		{C06DCA3E-8DF3-4BEC-82EC-7572EB147196}.AppStore|iPhone.ActiveCfg = Release|x86
		{C06DCA3E-8DF3-4BEC-82EC-7572EB147196}.AppStore|iPhone.Build.0 = Release|x86
		{C06DCA3E-8DF3-4BEC-82EC-7572EB147196}.AppStore|iPhone.Deploy.0 = Release|x86
		{C06DCA3E-8DF3-4BEC-82EC-7572EB147196}.AppStore|iPhoneSimulator.ActiveCfg = Release|x86
		{C06DCA3E-8DF3-4BEC-82EC-7572EB147196}.AppStore|iPhoneSimulator.Build.0 = Release|x86
		{C06DCA3E-8DF3-4BEC-82EC-7572EB147196}.AppStore|iPhoneSimulator.Deploy.0 = Release|x86
		{C06DCA3E-8DF3-4BEC-82EC-7572EB147196}.AppStore|x64.ActiveCfg = Release|x64
		{C06DCA3E-8DF3-4BEC-82EC-7572EB147196}.AppStore|x64.Build.0 = Release|x64
		{C06DCA3E-8DF3-4BEC-82EC-7572EB147196}.AppStore|x64.Deploy.0 = Release|x64
		{C06DCA3E-8DF3-4BEC-82EC-7572EB147196}.AppStore|x86.ActiveCfg = Release|x86
		{C06DCA3E-8DF3-4BEC-82EC-7572EB147196}.AppStore|x86.Build.0 = Release|x86
		{C06DCA3E-8DF3-4BEC-82EC-7572EB147196}.AppStore|x86.Deploy.0 = Release|x86
		{C06DCA3E-8DF3-4BEC-82EC-7572EB147196}.Debug|Any CPU.ActiveCfg = Debug|x86
		{C06DCA3E-8DF3-4BEC-82EC-7572EB147196}.Debug|ARM.ActiveCfg = Debug|ARM
		{C06DCA3E-8DF3-4BEC-82EC-7572EB147196}.Debug|ARM.Build.0 = Debug|ARM
		{C06DCA3E-8DF3-4BEC-82EC-7572EB147196}.Debug|ARM.Deploy.0 = Debug|ARM
		{C06DCA3E-8DF3-4BEC-82EC-7572EB147196}.Debug|iPhone.ActiveCfg = Debug|x86
		{C06DCA3E-8DF3-4BEC-82EC-7572EB147196}.Debug|iPhoneSimulator.ActiveCfg = Debug|x86
		{C06DCA3E-8DF3-4BEC-82EC-7572EB147196}.Debug|x64.ActiveCfg = Debug|x64
		{C06DCA3E-8DF3-4BEC-82EC-7572EB147196}.Debug|x64.Build.0 = Debug|x64
		{C06DCA3E-8DF3-4BEC-82EC-7572EB147196}.Debug|x64.Deploy.0 = Debug|x64
		{C06DCA3E-8DF3-4BEC-82EC-7572EB147196}.Debug|x86.ActiveCfg = Debug|x86
		{C06DCA3E-8DF3-4BEC-82EC-7572EB147196}.Debug|x86.Build.0 = Debug|x86
		{C06DCA3E-8DF3-4BEC-82EC-7572EB147196}.Debug|x86.Deploy.0 = Debug|x86
		{C06DCA3E-8DF3-4BEC-82EC-7572EB147196}.Release|Any CPU.ActiveCfg = Release|x86
		{C06DCA3E-8DF3-4BEC-82EC-7572EB147196}.Release|ARM.ActiveCfg = Release|ARM
		{C06DCA3E-8DF3-4BEC-82EC-7572EB147196}.Release|ARM.Build.0 = Release|ARM
		{C06DCA3E-8DF3-4BEC-82EC-7572EB147196}.Release|ARM.Deploy.0 = Release|ARM
		{C06DCA3E-8DF3-4BEC-82EC-7572EB147196}.Release|iPhone.ActiveCfg = Release|x86
		{C06DCA3E-8DF3-4BEC-82EC-7572EB147196}.Release|iPhoneSimulator.ActiveCfg = Release|x86
		{C06DCA3E-8DF3-4BEC-82EC-7572EB147196}.Release|x64.ActiveCfg = Release|x64
		{C06DCA3E-8DF3-4BEC-82EC-7572EB147196}.Release|x64.Build.0 = Release|x64
		{C06DCA3E-8DF3-4BEC-82EC-7572EB147196}.Release|x64.Deploy.0 = Release|x64
		{C06DCA3E-8DF3-4BEC-82EC-7572EB147196}.Release|x86.ActiveCfg = Release|x86
		{C06DCA3E-8DF3-4BEC-82EC-7572EB147196}.Release|x86.Build.0 = Release|x86
		{C06DCA3E-8DF3-4BEC-82EC-7572EB147196}.Release|x86.Deploy.0 = Release|x86
		{9712BCAF-21C1-42C9-8328-3B921E584B6A}.Ad-Hoc|Any CPU.ActiveCfg = Debug|Any CPU
		{9712BCAF-21C1-42C9-8328-3B921E584B6A}.Ad-Hoc|Any CPU.Build.0 = Debug|Any CPU
		{9712BCAF-21C1-42C9-8328-3B921E584B6A}.Ad-Hoc|ARM.ActiveCfg = Debug|Any CPU
		{9712BCAF-21C1-42C9-8328-3B921E584B6A}.Ad-Hoc|ARM.Build.0 = Debug|Any CPU
		{9712BCAF-21C1-42C9-8328-3B921E584B6A}.Ad-Hoc|iPhone.ActiveCfg = Debug|Any CPU
		{9712BCAF-21C1-42C9-8328-3B921E584B6A}.Ad-Hoc|iPhone.Build.0 = Debug|Any CPU
		{9712BCAF-21C1-42C9-8328-3B921E584B6A}.Ad-Hoc|iPhoneSimulator.ActiveCfg = Debug|Any CPU
		{9712BCAF-21C1-42C9-8328-3B921E584B6A}.Ad-Hoc|iPhoneSimulator.Build.0 = Debug|Any CPU
		{9712BCAF-21C1-42C9-8328-3B921E584B6A}.Ad-Hoc|x64.ActiveCfg = Debug|Any CPU
		{9712BCAF-21C1-42C9-8328-3B921E584B6A}.Ad-Hoc|x64.Build.0 = Debug|Any CPU
		{9712BCAF-21C1-42C9-8328-3B921E584B6A}.Ad-Hoc|x86.ActiveCfg = Debug|Any CPU
		{9712BCAF-21C1-42C9-8328-3B921E584B6A}.Ad-Hoc|x86.Build.0 = Debug|Any CPU
		{9712BCAF-21C1-42C9-8328-3B921E584B6A}.AppStore|Any CPU.ActiveCfg = Debug|Any CPU
		{9712BCAF-21C1-42C9-8328-3B921E584B6A}.AppStore|Any CPU.Build.0 = Debug|Any CPU
		{9712BCAF-21C1-42C9-8328-3B921E584B6A}.AppStore|ARM.ActiveCfg = Debug|Any CPU
		{9712BCAF-21C1-42C9-8328-3B921E584B6A}.AppStore|ARM.Build.0 = Debug|Any CPU
		{9712BCAF-21C1-42C9-8328-3B921E584B6A}.AppStore|iPhone.ActiveCfg = Debug|Any CPU
		{9712BCAF-21C1-42C9-8328-3B921E584B6A}.AppStore|iPhone.Build.0 = Debug|Any CPU
		{9712BCAF-21C1-42C9-8328-3B921E584B6A}.AppStore|iPhoneSimulator.ActiveCfg = Debug|Any CPU
		{9712BCAF-21C1-42C9-8328-3B921E584B6A}.AppStore|iPhoneSimulator.Build.0 = Debug|Any CPU
		{9712BCAF-21C1-42C9-8328-3B921E584B6A}.AppStore|x64.ActiveCfg = Debug|Any CPU
		{9712BCAF-21C1-42C9-8328-3B921E584B6A}.AppStore|x64.Build.0 = Debug|Any CPU
		{9712BCAF-21C1-42C9-8328-3B921E584B6A}.AppStore|x86.ActiveCfg = Debug|Any CPU
		{9712BCAF-21C1-42C9-8328-3B921E584B6A}.AppStore|x86.Build.0 = Debug|Any CPU
		{9712BCAF-21C1-42C9-8328-3B921E584B6A}.Debug|Any CPU.ActiveCfg = Debug|Any CPU
		{9712BCAF-21C1-42C9-8328-3B921E584B6A}.Debug|Any CPU.Build.0 = Debug|Any CPU
		{9712BCAF-21C1-42C9-8328-3B921E584B6A}.Debug|ARM.ActiveCfg = Debug|Any CPU
		{9712BCAF-21C1-42C9-8328-3B921E584B6A}.Debug|ARM.Build.0 = Debug|Any CPU
		{9712BCAF-21C1-42C9-8328-3B921E584B6A}.Debug|iPhone.ActiveCfg = Debug|Any CPU
		{9712BCAF-21C1-42C9-8328-3B921E584B6A}.Debug|iPhone.Build.0 = Debug|Any CPU
		{9712BCAF-21C1-42C9-8328-3B921E584B6A}.Debug|iPhoneSimulator.ActiveCfg = Debug|Any CPU
		{9712BCAF-21C1-42C9-8328-3B921E584B6A}.Debug|iPhoneSimulator.Build.0 = Debug|Any CPU
		{9712BCAF-21C1-42C9-8328-3B921E584B6A}.Debug|x64.ActiveCfg = Debug|Any CPU
		{9712BCAF-21C1-42C9-8328-3B921E584B6A}.Debug|x64.Build.0 = Debug|Any CPU
		{9712BCAF-21C1-42C9-8328-3B921E584B6A}.Debug|x86.ActiveCfg = Debug|Any CPU
		{9712BCAF-21C1-42C9-8328-3B921E584B6A}.Debug|x86.Build.0 = Debug|Any CPU
		{9712BCAF-21C1-42C9-8328-3B921E584B6A}.Release|Any CPU.ActiveCfg = Release|Any CPU
		{9712BCAF-21C1-42C9-8328-3B921E584B6A}.Release|Any CPU.Build.0 = Release|Any CPU
		{9712BCAF-21C1-42C9-8328-3B921E584B6A}.Release|ARM.ActiveCfg = Release|Any CPU
		{9712BCAF-21C1-42C9-8328-3B921E584B6A}.Release|ARM.Build.0 = Release|Any CPU
		{9712BCAF-21C1-42C9-8328-3B921E584B6A}.Release|iPhone.ActiveCfg = Release|Any CPU
		{9712BCAF-21C1-42C9-8328-3B921E584B6A}.Release|iPhone.Build.0 = Release|Any CPU
		{9712BCAF-21C1-42C9-8328-3B921E584B6A}.Release|iPhoneSimulator.ActiveCfg = Release|Any CPU
		{9712BCAF-21C1-42C9-8328-3B921E584B6A}.Release|iPhoneSimulator.Build.0 = Release|Any CPU
		{9712BCAF-21C1-42C9-8328-3B921E584B6A}.Release|x64.ActiveCfg = Release|Any CPU
		{9712BCAF-21C1-42C9-8328-3B921E584B6A}.Release|x64.Build.0 = Release|Any CPU
		{9712BCAF-21C1-42C9-8328-3B921E584B6A}.Release|x86.ActiveCfg = Release|Any CPU
		{9712BCAF-21C1-42C9-8328-3B921E584B6A}.Release|x86.Build.0 = Release|Any CPU
	EndGlobalSection
	GlobalSection(SolutionProperties) = preSolution
		HideSolutionNode = FALSE
	EndGlobalSection
	GlobalSection(ExtensibilityGlobals) = postSolution
		SolutionGuid = {67B70D02-77C5-4023-9801-2741042055FC}
	EndGlobalSection
EndGlobal
